{
  "name": "token-usage-ledger",
  "version": "0.1.23",
  "lockfileVersion": 3,
  "requires": true,
  "packages": {
    "": {
      "name": "token-usage-ledger",
      "version": "0.1.23",
      "license": "MIT",
      "dependencies": {
        "sql.js": "^1.13.0"
      },
      "bin": {
        "openclaw-token-usage-report": "src/report.js"
      },
      "devDependencies": {},
      "engines": {
        "node": ">=20"
      }
    },
    "node_modules/sql.js": {
      "version": "1.14.1",
      "resolved": "https://registry.npmjs.org/sql.js/-/sql.js-1.14.1.tgz",
      "integrity": "sha512-gcj8zBWU5cFsi9WUP+4bFNXAyF1iRpA3LLyS/DP5xlrNzGmPIizUeBggKa8DbDwdqaKwUcTEnChtd2grWo/x/A==",
      "license": "MIT"
    }
  }
}
